{
  "version": 4,
  "terraform_version": "0.12.18",
  "serial": 27,
  "lineage": "3cb77da4-5175-65f5-51b5-b063ecf4ffcc",
  "outputs": {},
  "resources": [
    {
      "mode": "managed",
      "type": "aws_instance",
      "name": "elk_stack",
      "each": "list",
      "provider": "provider.aws",
      "instances": [
        {
          "index_key": 0,
          "schema_version": 1,
          "attributes": {
            "ami": "ami-087855b6c8b59a9e4",
            "arn": "arn:aws:ec2:eu-west-3:124429370407:instance/i-0952c308d32c1e0c3",
            "associate_public_ip_address": true,
            "availability_zone": "eu-west-3b",
            "cpu_core_count": 2,
            "cpu_threads_per_core": 1,
            "credit_specification": [
              {
                "cpu_credits": "standard"
              }
            ],
            "disable_api_termination": false,
            "ebs_block_device": [],
            "ebs_optimized": false,
            "ephemeral_block_device": [],
            "get_password_data": false,
            "host_id": null,
            "iam_instance_profile": "",
            "id": "i-0952c308d32c1e0c3",
            "instance_initiated_shutdown_behavior": null,
            "instance_state": "running",
            "instance_type": "t2.medium",
            "ipv6_address_count": 0,
            "ipv6_addresses": [],
            "key_name": "danielaws",
            "monitoring": false,
            "network_interface": [],
            "network_interface_id": null,
            "password_data": "",
            "placement_group": "",
            "primary_network_interface_id": "eni-06e932793329dc8a5",
            "private_dns": "ip-172-31-23-237.eu-west-3.compute.internal",
            "private_ip": "172.31.23.237",
            "public_dns": "ec2-15-188-185-73.eu-west-3.compute.amazonaws.com",
            "public_ip": "15.188.185.73",
            "root_block_device": [
              {
                "delete_on_termination": true,
                "encrypted": false,
                "iops": 100,
                "kms_key_id": "",
                "volume_id": "vol-06a5f0604bfd6fbba",
                "volume_size": 8,
                "volume_type": "gp2"
              }
            ],
            "security_groups": [
              "elk_stack_group"
            ],
            "source_dest_check": true,
            "subnet_id": "subnet-e560069e",
            "tags": {
              "Name": "ELK-Stack"
            },
            "tenancy": "default",
            "timeouts": null,
            "user_data": "a1d7971c3d978c9d169c0c2b602e87f9be5a1085",
            "user_data_base64": null,
            "volume_tags": {},
            "vpc_security_group_ids": [
              "sg-084536153371b3494"
            ]
          },
          "private": "eyJlMmJmYjczMC1lY2FhLTExZTYtOGY4OC0zNDM2M2JjN2M0YzAiOnsiY3JlYXRlIjo2MDAwMDAwMDAwMDAsImRlbGV0ZSI6MTIwMDAwMDAwMDAwMCwidXBkYXRlIjo2MDAwMDAwMDAwMDB9LCJzY2hlbWFfdmVyc2lvbiI6IjEifQ==",
          "dependencies": [
            "aws_key_pair.default"
          ]
        }
      ]
    },
    {
      "mode": "managed",
      "type": "aws_key_pair",
      "name": "default",
      "provider": "provider.aws",
      "instances": [
        {
          "schema_version": 1,
          "attributes": {
            "fingerprint": "6a:31:d5:c1:c5:53:ff:fa:da:33:ed:90:d4:d4:05:15",
            "id": "danielaws",
            "key_name": "danielaws",
            "key_name_prefix": null,
            "public_key": "ssh-rsa AAAAB3NzaC1yc2EAAAADAQABAAACAQDPJU8Q64LeERkMT1BfXhUxlmzJQWRlMq9aAIZpLHB8P32HSkI9ITZU01wdLH87SJGT6tRpPS8PD2y+vpjH1Z28zZvu+OnM80ZjIIMIWsVhEWnS6/4Gl1t2SWQJ2V8Olj8JcqntJkLEfbyFcaKBLULwJtGkPAYcenRiwLyPXvQY8atoaqLdC0nyNdnf8YczjkUQQ6oAnqQ1tOviUCU3hyPvoB4gAi+mnPdaEIvsh5xnkGUZhb1YsSxB300Cqoj+gLsxCgNHZNahcgHVKcnndq4P5L1pDLREFjd5o98E04++to0nuJYMy0ihJDhx14q1DXAdHBCBo9p8Wj1HHoD0aE6INHUBg9OyNy35NF8RH0qF/T7geZy5+hDbS9Zv2TUAFZ//cod7D3BrtDZuk1Fr/M66Zr9gk6I9NQ932h2FMJh9xzYDH3y8puchyPa4VD+2R9eER5/1+wwAxUAg8SftBi6GyoSMz5Yfd73IGpdmVNL0cb6TfJEndlE/gGMOvSILcQ6wpIUWaiErxYWt6VWt9fMCzQxroQrAWUL1saCb3drFue7jCoDZ7WDtDJC31fxZXs7FW3RRY2TkIfFeHqL4u+sGVsN4z5PGSuu5rAveitCR9u1fQzqLBJW22YetOi33dmMc3at/HvWO2bw96F4cHNcjK7gGptiw2oHHLQ9X+ZXagw== tiringerdaniel@gmail.com"
          },
          "private": "eyJzY2hlbWFfdmVyc2lvbiI6IjEifQ=="
        }
      ]
    },
    {
      "mode": "managed",
      "type": "aws_security_group",
      "name": "elk_stack_group",
      "provider": "provider.aws",
      "instances": [
        {
          "schema_version": 1,
          "attributes": {
            "arn": "arn:aws:ec2:eu-west-3:124429370407:security-group/sg-084536153371b3494",
            "description": "Allow SSH, HTTP, HTTPS and ELK stack specific ports",
            "egress": [
              {
                "cidr_blocks": [
                  "0.0.0.0/0"
                ],
                "description": "Outbound",
                "from_port": 0,
                "ipv6_cidr_blocks": [],
                "prefix_list_ids": [],
                "protocol": "-1",
                "security_groups": [],
                "self": false,
                "to_port": 0
              }
            ],
            "id": "sg-084536153371b3494",
            "ingress": [
              {
                "cidr_blocks": [
                  "0.0.0.0/0"
                ],
                "description": "Elasticsearch HTTP",
                "from_port": 9200,
                "ipv6_cidr_blocks": [],
                "prefix_list_ids": [],
                "protocol": "tcp",
                "security_groups": [],
                "self": false,
                "to_port": 9200
              },
              {
                "cidr_blocks": [
                  "0.0.0.0/0"
                ],
                "description": "Elasticsearch TCP transport",
                "from_port": 9300,
                "ipv6_cidr_blocks": [],
                "prefix_list_ids": [],
                "protocol": "tcp",
                "security_groups": [],
                "self": false,
                "to_port": 9300
              },
              {
                "cidr_blocks": [
                  "0.0.0.0/0"
                ],
                "description": "HTTP",
                "from_port": 80,
                "ipv6_cidr_blocks": [],
                "prefix_list_ids": [],
                "protocol": "tcp",
                "security_groups": [],
                "self": false,
                "to_port": 80
              },
              {
                "cidr_blocks": [
                  "0.0.0.0/0"
                ],
                "description": "HTTPS",
                "from_port": 443,
                "ipv6_cidr_blocks": [],
                "prefix_list_ids": [],
                "protocol": "tcp",
                "security_groups": [],
                "self": false,
                "to_port": 443
              },
              {
                "cidr_blocks": [
                  "0.0.0.0/0"
                ],
                "description": "Kibana",
                "from_port": 5601,
                "ipv6_cidr_blocks": [],
                "prefix_list_ids": [],
                "protocol": "tcp",
                "security_groups": [],
                "self": false,
                "to_port": 5601
              },
              {
                "cidr_blocks": [
                  "0.0.0.0/0"
                ],
                "description": "Logstash TCP input",
                "from_port": 5000,
                "ipv6_cidr_blocks": [],
                "prefix_list_ids": [],
                "protocol": "tcp",
                "security_groups": [],
                "self": false,
                "to_port": 5000
              },
              {
                "cidr_blocks": [
                  "0.0.0.0/0"
                ],
                "description": "SSH",
                "from_port": 22,
                "ipv6_cidr_blocks": [],
                "prefix_list_ids": [],
                "protocol": "tcp",
                "security_groups": [],
                "self": false,
                "to_port": 22
              }
            ],
            "name": "elk_stack_group",
            "name_prefix": null,
            "owner_id": "124429370407",
            "revoke_rules_on_delete": false,
            "tags": null,
            "timeouts": null,
            "vpc_id": "vpc-f569499c"
          },
          "private": "eyJlMmJmYjczMC1lY2FhLTExZTYtOGY4OC0zNDM2M2JjN2M0YzAiOnsiY3JlYXRlIjo2MDAwMDAwMDAwMDAsImRlbGV0ZSI6NjAwMDAwMDAwMDAwfSwic2NoZW1hX3ZlcnNpb24iOiIxIn0="
        }
      ]
    }
  ]
}
